
Microsoft Visual Studio Solution File, Format Version 12.00
# Visual Studio Version 16
VisualStudioVersion = 16.0.32126.315
MinimumVisualStudioVersion = 10.0.40219.1
Project("{FAE04EC0-301F-11D3-BF4B-00C04F79EFBC}") = "CustomersApp", "CustomersApp\CustomersApp.csproj", "{CC650B7F-FB6F-4077-89F9-DD4B66C58E67}"
EndProject
Global
	GlobalSection(SolutionConfigurationPlatforms) = preSolution
		Debug|Any CPU = Debug|Any CPU
		Release|Any CPU = Release|Any CPU
	EndGlobalSection
	GlobalSection(ProjectConfigurationPlatforms) = postSolution
		{CC650B7F-FB6F-4077-89F9-DD4B66C58E67}.Debug|Any CPU.ActiveCfg = Debug|Any CPU
		{CC650B7F-FB6F-4077-89F9-DD4B66C58E67}.Debug|Any CPU.Build.0 = Debug|Any CPU
		{CC650B7F-FB6F-4077-89F9-DD4B66C58E67}.Release|Any CPU.ActiveCfg = Release|Any CPU
		{CC650B7F-FB6F-4077-89F9-DD4B66C58E67}.Release|Any CPU.Build.0 = Release|Any CPU
	EndGlobalSection
	GlobalSection(SolutionProperties) = preSolution
		HideSolutionNode = FALSE
	EndGlobalSection
	GlobalSection(ExtensibilityGlobals) = postSolution
		SolutionGuid = {46353218-D91F-4E61-9C60-EB3A70400D93}
	EndGlobalSection
EndGlobal
