
Microsoft Visual Studio Solution File, Format Version 12.00
# Visual Studio Version 16
VisualStudioVersion = 16.0.32126.315
MinimumVisualStudioVersion = 10.0.40219.1
Project("{FAE04EC0-301F-11D3-BF4B-00C04F79EFBC}") = "CustomerServer", "CustomerServer\CustomerServer.csproj", "{D8871F85-161B-461E-8BF5-482F40910740}"
EndProject
Global
	GlobalSection(SolutionConfigurationPlatforms) = preSolution
		Debug|Any CPU = Debug|Any CPU
		Release|Any CPU = Release|Any CPU
	EndGlobalSection
	GlobalSection(ProjectConfigurationPlatforms) = postSolution
		{D8871F85-161B-461E-8BF5-482F40910740}.Debug|Any CPU.ActiveCfg = Debug|Any CPU
		{D8871F85-161B-461E-8BF5-482F40910740}.Debug|Any CPU.Build.0 = Debug|Any CPU
		{D8871F85-161B-461E-8BF5-482F40910740}.Release|Any CPU.ActiveCfg = Release|Any CPU
		{D8871F85-161B-461E-8BF5-482F40910740}.Release|Any CPU.Build.0 = Release|Any CPU
	EndGlobalSection
	GlobalSection(SolutionProperties) = preSolution
		HideSolutionNode = FALSE
	EndGlobalSection
	GlobalSection(ExtensibilityGlobals) = postSolution
		SolutionGuid = {7A468D06-BA7D-4868-85FF-6B78D9A8E2E2}
	EndGlobalSection
EndGlobal
